
Microsoft Visual Studio Solution File, Format Version 11.00
# Visual Studio 2010
Project("{FAE04EC0-301F-11D3-BF4B-00C04F79EFBC}") = "Cryptomarkets", "Cryptomarkets.csproj", "{6572ECAD-AC3A-4315-90CE-97DFA4F1E347}"
EndProject
Global
	GlobalSection(SolutionConfigurationPlatforms) = preSolution
		Debug|Any CPU = Debug|Any CPU
		Release|Any CPU = Release|Any CPU
	EndGlobalSection
	GlobalSection(ProjectConfigurationPlatforms) = postSolution
		{6572ECAD-AC3A-4315-90CE-97DFA4F1E347}.Debug|Any CPU.ActiveCfg = Debug|Any CPU
		{6572ECAD-AC3A-4315-90CE-97DFA4F1E347}.Debug|Any CPU.Build.0 = Debug|Any CPU
		{6572ECAD-AC3A-4315-90CE-97DFA4F1E347}.Release|Any CPU.ActiveCfg = Release|Any CPU
		{6572ECAD-AC3A-4315-90CE-97DFA4F1E347}.Release|Any CPU.Build.0 = Release|Any CPU
	EndGlobalSection
	GlobalSection(SolutionProperties) = preSolution
		HideSolutionNode = FALSE
	EndGlobalSection
EndGlobal
